
Microsoft Visual Studio Solution File, Format Version 12.00
# Visual Studio Version 17
VisualStudioVersion = 17.9.34701.34
MinimumVisualStudioVersion = 10.0.40219.1
Project("{FAE04EC0-301F-11D3-BF4B-00C04F79EFBC}") = "UserProvider", "UserProvider\UserProvider.csproj", "{AC98E6FB-3A6F-41B0-A3B2-2C16014484D0}"
EndProject
Project("{FAE04EC0-301F-11D3-BF4B-00C04F79EFBC}") = "Data", "Data\Data.csproj", "{35DEBD50-5431-40FE-97BB-E101B125FB7A}"
EndProject
Global
	GlobalSection(SolutionConfigurationPlatforms) = preSolution
		Debug|Any CPU = Debug|Any CPU
		Release|Any CPU = Release|Any CPU
	EndGlobalSection
	GlobalSection(ProjectConfigurationPlatforms) = postSolution
		{AC98E6FB-3A6F-41B0-A3B2-2C16014484D0}.Debug|Any CPU.ActiveCfg = Debug|Any CPU
		{AC98E6FB-3A6F-41B0-A3B2-2C16014484D0}.Debug|Any CPU.Build.0 = Debug|Any CPU
		{AC98E6FB-3A6F-41B0-A3B2-2C16014484D0}.Release|Any CPU.ActiveCfg = Release|Any CPU
		{AC98E6FB-3A6F-41B0-A3B2-2C16014484D0}.Release|Any CPU.Build.0 = Release|Any CPU
		{35DEBD50-5431-40FE-97BB-E101B125FB7A}.Debug|Any CPU.ActiveCfg = Debug|Any CPU
		{35DEBD50-5431-40FE-97BB-E101B125FB7A}.Debug|Any CPU.Build.0 = Debug|Any CPU
		{35DEBD50-5431-40FE-97BB-E101B125FB7A}.Release|Any CPU.ActiveCfg = Release|Any CPU
		{35DEBD50-5431-40FE-97BB-E101B125FB7A}.Release|Any CPU.Build.0 = Release|Any CPU
	EndGlobalSection
	GlobalSection(SolutionProperties) = preSolution
		HideSolutionNode = FALSE
	EndGlobalSection
	GlobalSection(ExtensibilityGlobals) = postSolution
		SolutionGuid = {1BA1948B-908C-4435-8C51-7508E63A59F5}
	EndGlobalSection
EndGlobal
